// !$*UTF8*$!
{
	archiveVersion = 1;
	classes = {
	};
	objectVersion = 48;
	objects = {

/* Begin PBXBuildFile section */
		780D366C20A7425E00E13F60 /* LyricsViewController.swift in Sources */ = {isa = PBXBuildFile; fileRef = 780D366B20A7425E00E13F60 /* LyricsViewController.swift */; };
		780D366E20A7429800E13F60 /* LyricsModel.swift in Sources */ = {isa = PBXBuildFile; fileRef = 780D366D20A7429800E13F60 /* LyricsModel.swift */; };
		781D2F00215A810500E56C6E /* BandInfoCollectionViewCell.swift in Sources */ = {isa = PBXBuildFile; fileRef = 781D2EFF215A810500E56C6E /* BandInfoCollectionViewCell.swift */; };
		7845B3832014CBA400E7C43A /* AuthorizeService.swift in Sources */ = {isa = PBXBuildFile; fileRef = 7845B3822014CBA400E7C43A /* AuthorizeService.swift */; };
		7845B3872014E10000E7C43A /* MainViewController.swift in Sources */ = {isa = PBXBuildFile; fileRef = 7845B3862014E0FF00E7C43A /* MainViewController.swift */; };
		7845B38A2014E78300E7C43A /* SearchService.swift in Sources */ = {isa = PBXBuildFile; fileRef = 7845B3892014E78300E7C43A /* SearchService.swift */; };
		7845B38C201503B600E7C43A /* MainViewControllerCell.swift in Sources */ = {isa = PBXBuildFile; fileRef = 7845B38B201503B600E7C43A /* MainViewControllerCell.swift */; };
		78693843217F698B007657FA /* UserProfileViewController.swift in Sources */ = {isa = PBXBuildFile; fileRef = 78693842217F698B007657FA /* UserProfileViewController.swift */; };
		786B1D5A201A432100D456BF /* BandViewController.swift in Sources */ = {isa = PBXBuildFile; fileRef = 786B1D59201A432100D456BF /* BandViewController.swift */; };
		786B1D5C201A434500D456BF /* BandViewCell.swift in Sources */ = {isa = PBXBuildFile; fileRef = 786B1D5B201A434500D456BF /* BandViewCell.swift */; };
		786B1D5E201A435C00D456BF /* BandViewControllerService.swift in Sources */ = {isa = PBXBuildFile; fileRef = 786B1D5D201A435C00D456BF /* BandViewControllerService.swift */; };
		787C5117208CC354004C832F /* AlbumViewController.swift in Sources */ = {isa = PBXBuildFile; fileRef = 787C5116208CC354004C832F /* AlbumViewController.swift */; };
		787C5119208CC9CA004C832F /* AlbumTableViewCell.swift in Sources */ = {isa = PBXBuildFile; fileRef = 787C5118208CC9CA004C832F /* AlbumTableViewCell.swift */; };
		788F18EF214EBD4100802C31 /* SearchTableViewController.swift in Sources */ = {isa = PBXBuildFile; fileRef = 788F18EE214EBD4100802C31 /* SearchTableViewController.swift */; };
		788F18F1214EBD6000802C31 /* SearchTableViewCell.swift in Sources */ = {isa = PBXBuildFile; fileRef = 788F18F0214EBD6000802C31 /* SearchTableViewCell.swift */; };
		78A2045B216DFD8C009012FA /* AlbumsTableViewController.swift in Sources */ = {isa = PBXBuildFile; fileRef = 78A2045A216DFD8C009012FA /* AlbumsTableViewController.swift */; };
		78A2045D216DFDFF009012FA /* AlbumPictureCell.swift in Sources */ = {isa = PBXBuildFile; fileRef = 78A2045C216DFDFF009012FA /* AlbumPictureCell.swift */; };
		78A2045F216DFE17009012FA /* TracklistCell.swift in Sources */ = {isa = PBXBuildFile; fileRef = 78A2045E216DFE17009012FA /* TracklistCell.swift */; };
		78AF6E4C214EF4510014BCB5 /* Colors.swift in Sources */ = {isa = PBXBuildFile; fileRef = 78AF6E4B214EF4510014BCB5 /* Colors.swift */; };
		78CC6578202B902300455B1E /* Main.storyboard in Resources */ = {isa = PBXBuildFile; fileRef = 78EC659D200BAD820053BFB9 /* Main.storyboard */; };
		78DCC13221CFE39500197ADD /* SaveUserInformationService.swift in Sources */ = {isa = PBXBuildFile; fileRef = 78DCC13121CFE39500197ADD /* SaveUserInformationService.swift */; };
		78EC659A200BAD820053BFB9 /* AppDelegate.swift in Sources */ = {isa = PBXBuildFile; fileRef = 78EC6599200BAD820053BFB9 /* AppDelegate.swift */; };
		78EC659C200BAD820053BFB9 /* ViewController.swift in Sources */ = {isa = PBXBuildFile; fileRef = 78EC659B200BAD820053BFB9 /* ViewController.swift */; };
		78EC65A1200BAD820053BFB9 /* Assets.xcassets in Resources */ = {isa = PBXBuildFile; fileRef = 78EC65A0200BAD820053BFB9 /* Assets.xcassets */; };
		78EC65A4200BAD820053BFB9 /* LaunchScreen.storyboard in Resources */ = {isa = PBXBuildFile; fileRef = 78EC65A2200BAD820053BFB9 /* LaunchScreen.storyboard */; };
		78EEE7752155217300B924C7 /* BandInfoTableViewController.swift in Sources */ = {isa = PBXBuildFile; fileRef = 78EEE7742155217300B924C7 /* BandInfoTableViewController.swift */; };
		78EEE7772155219700B924C7 /* BandInfoViewCell.swift in Sources */ = {isa = PBXBuildFile; fileRef = 78EEE7762155219700B924C7 /* BandInfoViewCell.swift */; };
		78EEE779215522FF00B924C7 /* BandAlbumsCell.swift in Sources */ = {isa = PBXBuildFile; fileRef = 78EEE778215522FF00B924C7 /* BandAlbumsCell.swift */; };
		78EEE77D215531E000B924C7 /* Models.swift in Sources */ = {isa = PBXBuildFile; fileRef = 78EEE77C215531E000B924C7 /* Models.swift */; };
		78EEE781215532EA00B924C7 /* NewSearchService.swift in Sources */ = {isa = PBXBuildFile; fileRef = 78EEE780215532EA00B924C7 /* NewSearchService.swift */; };
		9F44136FC62E19817158506B /* Pods_Discogs_Client.framework in Frameworks */ = {isa = PBXBuildFile; fileRef = 2B4CC8A4E043C2F4B0DF4521 /* Pods_Discogs_Client.framework */; };
/* End PBXBuildFile section */

/* Begin PBXFileReference section */
		2B4CC8A4E043C2F4B0DF4521 /* Pods_Discogs_Client.framework */ = {isa = PBXFileReference; explicitFileType = wrapper.framework; includeInIndex = 0; path = Pods_Discogs_Client.framework; sourceTree = BUILT_PRODUCTS_DIR; };
		60EFA07FD2356F56E8227948 /* Pods-Discogs Client.debug.xcconfig */ = {isa = PBXFileReference; includeInIndex = 1; lastKnownFileType = text.xcconfig; name = "Pods-Discogs Client.debug.xcconfig"; path = "Pods/Target Support Files/Pods-Discogs Client/Pods-Discogs Client.debug.xcconfig"; sourceTree = "<group>"; };
		780D366B20A7425E00E13F60 /* LyricsViewController.swift */ = {isa = PBXFileReference; lastKnownFileType = sourcecode.swift; path = LyricsViewController.swift; sourceTree = "<group>"; };
		780D366D20A7429800E13F60 /* LyricsModel.swift */ = {isa = PBXFileReference; lastKnownFileType = sourcecode.swift; path = LyricsModel.swift; sourceTree = "<group>"; };
		781D2EFF215A810500E56C6E /* BandInfoCollectionViewCell.swift */ = {isa = PBXFileReference; lastKnownFileType = sourcecode.swift; path = BandInfoCollectionViewCell.swift; sourceTree = "<group>"; };
		7845B3822014CBA400E7C43A /* AuthorizeService.swift */ = {isa = PBXFileReference; lastKnownFileType = sourcecode.swift; path = AuthorizeService.swift; sourceTree = "<group>"; };
		7845B3862014E0FF00E7C43A /* MainViewController.swift */ = {isa = PBXFileReference; lastKnownFileType = sourcecode.swift; path = MainViewController.swift; sourceTree = "<group>"; };
		7845B3892014E78300E7C43A /* SearchService.swift */ = {isa = PBXFileReference; lastKnownFileType = sourcecode.swift; path = SearchService.swift; sourceTree = "<group>"; };
		7845B38B201503B600E7C43A /* MainViewControllerCell.swift */ = {isa = PBXFileReference; lastKnownFileType = sourcecode.swift; path = MainViewControllerCell.swift; sourceTree = "<group>"; };
		78693842217F698B007657FA /* UserProfileViewController.swift */ = {isa = PBXFileReference; lastKnownFileType = sourcecode.swift; path = UserProfileViewController.swift; sourceTree = "<group>"; };
		786B1D59201A432100D456BF /* BandViewController.swift */ = {isa = PBXFileReference; lastKnownFileType = sourcecode.swift; path = BandViewController.swift; sourceTree = "<group>"; };
		786B1D5B201A434500D456BF /* BandViewCell.swift */ = {isa = PBXFileReference; lastKnownFileType = sourcecode.swift; path = BandViewCell.swift; sourceTree = "<group>"; };
		786B1D5D201A435C00D456BF /* BandViewControllerService.swift */ = {isa = PBXFileReference; lastKnownFileType = sourcecode.swift; path = BandViewControllerService.swift; sourceTree = "<group>"; };
		787C5116208CC354004C832F /* AlbumViewController.swift */ = {isa = PBXFileReference; lastKnownFileType = sourcecode.swift; path = AlbumViewController.swift; sourceTree = "<group>"; };
		787C5118208CC9CA004C832F /* AlbumTableViewCell.swift */ = {isa = PBXFileReference; lastKnownFileType = sourcecode.swift; path = AlbumTableViewCell.swift; sourceTree = "<group>"; };
		788F18EE214EBD4100802C31 /* SearchTableViewController.swift */ = {isa = PBXFileReference; lastKnownFileType = sourcecode.swift; path = SearchTableViewController.swift; sourceTree = "<group>"; };
		788F18F0214EBD6000802C31 /* SearchTableViewCell.swift */ = {isa = PBXFileReference; lastKnownFileType = sourcecode.swift; path = SearchTableViewCell.swift; sourceTree = "<group>"; };
		78A2045A216DFD8C009012FA /* AlbumsTableViewController.swift */ = {isa = PBXFileReference; lastKnownFileType = sourcecode.swift; path = AlbumsTableViewController.swift; sourceTree = "<group>"; };
		78A2045C216DFDFF009012FA /* AlbumPictureCell.swift */ = {isa = PBXFileReference; lastKnownFileType = sourcecode.swift; path = AlbumPictureCell.swift; sourceTree = "<group>"; };
		78A2045E216DFE17009012FA /* TracklistCell.swift */ = {isa = PBXFileReference; lastKnownFileType = sourcecode.swift; path = TracklistCell.swift; sourceTree = "<group>"; };
		78AF6E4B214EF4510014BCB5 /* Colors.swift */ = {isa = PBXFileReference; lastKnownFileType = sourcecode.swift; path = Colors.swift; sourceTree = "<group>"; };
		78CC657A202B945900455B1E /* FSPagerView.framework */ = {isa = PBXFileReference; explicitFileType = wrapper.framework; path = FSPagerView.framework; sourceTree = BUILT_PRODUCTS_DIR; };
		78DCC13121CFE39500197ADD /* SaveUserInformationService.swift */ = {isa = PBXFileReference; lastKnownFileType = sourcecode.swift; path = SaveUserInformationService.swift; sourceTree = "<group>"; };
		78EC6596200BAD820053BFB9 /* Discogs Client.app */ = {isa = PBXFileReference; explicitFileType = wrapper.application; includeInIndex = 0; path = "Discogs Client.app"; sourceTree = BUILT_PRODUCTS_DIR; };
		78EC6599200BAD820053BFB9 /* AppDelegate.swift */ = {isa = PBXFileReference; lastKnownFileType = sourcecode.swift; path = AppDelegate.swift; sourceTree = "<group>"; };
		78EC659B200BAD820053BFB9 /* ViewController.swift */ = {isa = PBXFileReference; lastKnownFileType = sourcecode.swift; path = ViewController.swift; sourceTree = "<group>"; };
		78EC659E200BAD820053BFB9 /* Base */ = {isa = PBXFileReference; lastKnownFileType = file.storyboard; name = Base; path = Base.lproj/Main.storyboard; sourceTree = "<group>"; };
		78EC65A0200BAD820053BFB9 /* Assets.xcassets */ = {isa = PBXFileReference; lastKnownFileType = folder.assetcatalog; path = Assets.xcassets; sourceTree = "<group>"; };
		78EC65A3200BAD820053BFB9 /* Base */ = {isa = PBXFileReference; lastKnownFileType = file.storyboard; name = Base; path = Base.lproj/LaunchScreen.storyboard; sourceTree = "<group>"; };
		78EC65A5200BAD820053BFB9 /* Info.plist */ = {isa = PBXFileReference; lastKnownFileType = text.plist.xml; path = Info.plist; sourceTree = "<group>"; };
		78EEE7742155217300B924C7 /* BandInfoTableViewController.swift */ = {isa = PBXFileReference; lastKnownFileType = sourcecode.swift; path = BandInfoTableViewController.swift; sourceTree = "<group>"; };
		78EEE7762155219700B924C7 /* BandInfoViewCell.swift */ = {isa = PBXFileReference; lastKnownFileType = sourcecode.swift; path = BandInfoViewCell.swift; sourceTree = "<group>"; };
		78EEE778215522FF00B924C7 /* BandAlbumsCell.swift */ = {isa = PBXFileReference; lastKnownFileType = sourcecode.swift; path = BandAlbumsCell.swift; sourceTree = "<group>"; };
		78EEE77C215531E000B924C7 /* Models.swift */ = {isa = PBXFileReference; lastKnownFileType = sourcecode.swift; path = Models.swift; sourceTree = "<group>"; };
		78EEE780215532EA00B924C7 /* NewSearchService.swift */ = {isa = PBXFileReference; lastKnownFileType = sourcecode.swift; path = NewSearchService.swift; sourceTree = "<group>"; };
		B1AAFA44CE86C6230EB85B5C /* Pods-Discogs Client.release.xcconfig */ = {isa = PBXFileReference; includeInIndex = 1; lastKnownFileType = text.xcconfig; name = "Pods-Discogs Client.release.xcconfig"; path = "Pods/Target Support Files/Pods-Discogs Client/Pods-Discogs Client.release.xcconfig"; sourceTree = "<group>"; };
/* End PBXFileReference section */

/* Begin PBXFrameworksBuildPhase section */
		78EC6593200BAD820053BFB9 /* Frameworks */ = {
			isa = PBXFrameworksBuildPhase;
			buildActionMask = 2147483647;
			files = (
				9F44136FC62E19817158506B /* Pods_Discogs_Client.framework in Frameworks */,
			);
			runOnlyForDeploymentPostprocessing = 0;
		};
/* End PBXFrameworksBuildPhase section */

/* Begin PBXGroup section */
		5EE31234DF76FD5C43DE51D6 /* Pods */ = {
			isa = PBXGroup;
			children = (
				60EFA07FD2356F56E8227948 /* Pods-Discogs Client.debug.xcconfig */,
				B1AAFA44CE86C6230EB85B5C /* Pods-Discogs Client.release.xcconfig */,
			);
			name = Pods;
			sourceTree = "<group>";
		};
		78EC658D200BAD820053BFB9 = {
			isa = PBXGroup;
			children = (
				78EC6598200BAD820053BFB9 /* Discogs Client */,
				78EC6597200BAD820053BFB9 /* Products */,
				DBC6A5896289A7C2210068E8 /* Frameworks */,
				5EE31234DF76FD5C43DE51D6 /* Pods */,
			);
			sourceTree = "<group>";
		};
		78EC6597200BAD820053BFB9 /* Products */ = {
			isa = PBXGroup;
			children = (
				78EC6596200BAD820053BFB9 /* Discogs Client.app */,
			);
			name = Products;
			sourceTree = "<group>";
		};
		78EC6598200BAD820053BFB9 /* Discogs Client */ = {
			isa = PBXGroup;
			children = (
				78EC6599200BAD820053BFB9 /* AppDelegate.swift */,
				78AF6E4B214EF4510014BCB5 /* Colors.swift */,
				78EEE77A21552D2B00B924C7 /* OldProgram */,
				78EEE77B215531C600B924C7 /* Models */,
				78EC659B200BAD820053BFB9 /* ViewController.swift */,
				788F18EE214EBD4100802C31 /* SearchTableViewController.swift */,
				78693842217F698B007657FA /* UserProfileViewController.swift */,
				788F18F0214EBD6000802C31 /* SearchTableViewCell.swift */,
				78EEE7742155217300B924C7 /* BandInfoTableViewController.swift */,
				78EEE7762155219700B924C7 /* BandInfoViewCell.swift */,
				78EEE778215522FF00B924C7 /* BandAlbumsCell.swift */,
				781D2EFF215A810500E56C6E /* BandInfoCollectionViewCell.swift */,
				78A2045A216DFD8C009012FA /* AlbumsTableViewController.swift */,
				78A2045C216DFDFF009012FA /* AlbumPictureCell.swift */,
				78A2045E216DFE17009012FA /* TracklistCell.swift */,
				78EC659D200BAD820053BFB9 /* Main.storyboard */,
				78EC65A0200BAD820053BFB9 /* Assets.xcassets */,
				78EC65A2200BAD820053BFB9 /* LaunchScreen.storyboard */,
				78EC65A5200BAD820053BFB9 /* Info.plist */,
			);
			path = "Discogs Client";
			sourceTree = "<group>";
		};
		78EEE77A21552D2B00B924C7 /* OldProgram */ = {
			isa = PBXGroup;
			children = (
				780D366B20A7425E00E13F60 /* LyricsViewController.swift */,
				780D366D20A7429800E13F60 /* LyricsModel.swift */,
				787C5116208CC354004C832F /* AlbumViewController.swift */,
				787C5118208CC9CA004C832F /* AlbumTableViewCell.swift */,
				786B1D59201A432100D456BF /* BandViewController.swift */,
				786B1D5B201A434500D456BF /* BandViewCell.swift */,
				786B1D5D201A435C00D456BF /* BandViewControllerService.swift */,
				7845B3862014E0FF00E7C43A /* MainViewController.swift */,
				7845B38B201503B600E7C43A /* MainViewControllerCell.swift */,
				7845B3892014E78300E7C43A /* SearchService.swift */,
			);
			path = OldProgram;
			sourceTree = "<group>";
		};
		78EEE77B215531C600B924C7 /* Models */ = {
			isa = PBXGroup;
			children = (
				78EEE77C215531E000B924C7 /* Models.swift */,
				78EEE780215532EA00B924C7 /* NewSearchService.swift */,
				7845B3822014CBA400E7C43A /* AuthorizeService.swift */,
				78DCC13121CFE39500197ADD /* SaveUserInformationService.swift */,
			);
			path = Models;
			sourceTree = "<group>";
		};
		DBC6A5896289A7C2210068E8 /* Frameworks */ = {
			isa = PBXGroup;
			children = (
				78CC657A202B945900455B1E /* FSPagerView.framework */,
				2B4CC8A4E043C2F4B0DF4521 /* Pods_Discogs_Client.framework */,
			);
			name = Frameworks;
			sourceTree = "<group>";
		};
/* End PBXGroup section */

/* Begin PBXNativeTarget section */
		78EC6595200BAD820053BFB9 /* Discogs Client */ = {
			isa = PBXNativeTarget;
			buildConfigurationList = 78EC65A8200BAD820053BFB9 /* Build configuration list for PBXNativeTarget "Discogs Client" */;
			buildPhases = (
				5810357D8CD4727931D84680 /* [CP] Check Pods Manifest.lock */,
				78EC6592200BAD820053BFB9 /* Sources */,
				78EC6593200BAD820053BFB9 /* Frameworks */,
				78EC6594200BAD820053BFB9 /* Resources */,
				760F05EC0D6841888D941600 /* [CP] Embed Pods Frameworks */,
			);
			buildRules = (
			);
			dependencies = (
			);
			name = "Discogs Client";
			productName = "Discogs Client";
			productReference = 78EC6596200BAD820053BFB9 /* Discogs Client.app */;
			productType = "com.apple.product-type.application";
		};
/* End PBXNativeTarget section */

/* Begin PBXProject section */
		78EC658E200BAD820053BFB9 /* Project object */ = {
			isa = PBXProject;
			attributes = {
				LastSwiftUpdateCheck = 0920;
				LastUpgradeCheck = 0930;
				ORGANIZATIONNAME = "Leonid Petrov";
				TargetAttributes = {
					78EC6595200BAD820053BFB9 = {
						CreatedOnToolsVersion = 9.2;
						ProvisioningStyle = Automatic;
					};
				};
			};
			buildConfigurationList = 78EC6591200BAD820053BFB9 /* Build configuration list for PBXProject "Discogs Client" */;
			compatibilityVersion = "Xcode 8.0";
			developmentRegion = en;
			hasScannedForEncodings = 0;
			knownRegions = (
				en,
				Base,
			);
			mainGroup = 78EC658D200BAD820053BFB9;
			productRefGroup = 78EC6597200BAD820053BFB9 /* Products */;
			projectDirPath = "";
			projectRoot = "";
			targets = (
				78EC6595200BAD820053BFB9 /* Discogs Client */,
			);
		};
/* End PBXProject section */

/* Begin PBXResourcesBuildPhase section */
		78EC6594200BAD820053BFB9 /* Resources */ = {
			isa = PBXResourcesBuildPhase;
			buildActionMask = 2147483647;
			files = (
				78CC6578202B902300455B1E /* Main.storyboard in Resources */,
				78EC65A4200BAD820053BFB9 /* LaunchScreen.storyboard in Resources */,
				78EC65A1200BAD820053BFB9 /* Assets.xcassets in Resources */,
			);
			runOnlyForDeploymentPostprocessing = 0;
		};
/* End PBXResourcesBuildPhase section */

/* Begin PBXShellScriptBuildPhase section */
		5810357D8CD4727931D84680 /* [CP] Check Pods Manifest.lock */ = {
			isa = PBXShellScriptBuildPhase;
			buildActionMask = 2147483647;
			files = (
			);
			inputPaths = (
				"${PODS_PODFILE_DIR_PATH}/Podfile.lock",
				"${PODS_ROOT}/Manifest.lock",
			);
			name = "[CP] Check Pods Manifest.lock";
			outputPaths = (
				"$(DERIVED_FILE_DIR)/Pods-Discogs Client-checkManifestLockResult.txt",
			);
			runOnlyForDeploymentPostprocessing = 0;
			shellPath = /bin/sh;
			shellScript = "diff \"${PODS_PODFILE_DIR_PATH}/Podfile.lock\" \"${PODS_ROOT}/Manifest.lock\" > /dev/null\nif [ $? != 0 ] ; then\n    # print error to STDERR\n    echo \"error: The sandbox is not in sync with the Podfile.lock. Run 'pod install' or update your CocoaPods installation.\" >&2\n    exit 1\nfi\n# This output is used by Xcode 'outputs' to avoid re-running this script phase.\necho \"SUCCESS\" > \"${SCRIPT_OUTPUT_FILE_0}\"\n";
			showEnvVarsInLog = 0;
		};
		760F05EC0D6841888D941600 /* [CP] Embed Pods Frameworks */ = {
			isa = PBXShellScriptBuildPhase;
			buildActionMask = 2147483647;
			files = (
			);
			inputPaths = (
				"${SRCROOT}/Pods/Target Support Files/Pods-Discogs Client/Pods-Discogs Client-frameworks.sh",
				"${BUILT_PRODUCTS_DIR}/Alamofire/Alamofire.framework",
				"${BUILT_PRODUCTS_DIR}/AlamofireImage/AlamofireImage.framework",
				"${BUILT_PRODUCTS_DIR}/FSPagerView/FSPagerView.framework",
				"${BUILT_PRODUCTS_DIR}/NVActivityIndicatorView/NVActivityIndicatorView.framework",
				"${BUILT_PRODUCTS_DIR}/OAuthSwift/OAuthSwift.framework",
				"${BUILT_PRODUCTS_DIR}/Spring/Spring.framework",
				"${BUILT_PRODUCTS_DIR}/SwiftyJSON/SwiftyJSON.framework",
				"${BUILT_PRODUCTS_DIR}/ViewAnimator/ViewAnimator.framework",
			);
			name = "[CP] Embed Pods Frameworks";
			outputPaths = (
				"${TARGET_BUILD_DIR}/${FRAMEWORKS_FOLDER_PATH}/Alamofire.framework",
				"${TARGET_BUILD_DIR}/${FRAMEWORKS_FOLDER_PATH}/AlamofireImage.framework",
				"${TARGET_BUILD_DIR}/${FRAMEWORKS_FOLDER_PATH}/FSPagerView.framework",
				"${TARGET_BUILD_DIR}/${FRAMEWORKS_FOLDER_PATH}/NVActivityIndicatorView.framework",
				"${TARGET_BUILD_DIR}/${FRAMEWORKS_FOLDER_PATH}/OAuthSwift.framework",
				"${TARGET_BUILD_DIR}/${FRAMEWORKS_FOLDER_PATH}/Spring.framework",
				"${TARGET_BUILD_DIR}/${FRAMEWORKS_FOLDER_PATH}/SwiftyJSON.framework",
				"${TARGET_BUILD_DIR}/${FRAMEWORKS_FOLDER_PATH}/ViewAnimator.framework",
			);
			runOnlyForDeploymentPostprocessing = 0;
			shellPath = /bin/sh;
			shellScript = "\"${SRCROOT}/Pods/Target Support Files/Pods-Discogs Client/Pods-Discogs Client-frameworks.sh\"\n";
			showEnvVarsInLog = 0;
		};
/* End PBXShellScriptBuildPhase section */

/* Begin PBXSourcesBuildPhase section */
		78EC6592200BAD820053BFB9 /* Sources */ = {
			isa = PBXSourcesBuildPhase;
			buildActionMask = 2147483647;
			files = (
				78A2045B216DFD8C009012FA /* AlbumsTableViewController.swift in Sources */,
				786B1D5E201A435C00D456BF /* BandViewControllerService.swift in Sources */,
				7845B3832014CBA400E7C43A /* AuthorizeService.swift in Sources */,
				7845B38C201503B600E7C43A /* MainViewControllerCell.swift in Sources */,
				78A2045F216DFE17009012FA /* TracklistCell.swift in Sources */,
				788F18EF214EBD4100802C31 /* SearchTableViewController.swift in Sources */,
				787C5119208CC9CA004C832F /* AlbumTableViewCell.swift in Sources */,
				78EC659C200BAD820053BFB9 /* ViewController.swift in Sources */,
				78DCC13221CFE39500197ADD /* SaveUserInformationService.swift in Sources */,
				78EEE779215522FF00B924C7 /* BandAlbumsCell.swift in Sources */,
				7845B38A2014E78300E7C43A /* SearchService.swift in Sources */,
				780D366C20A7425E00E13F60 /* LyricsViewController.swift in Sources */,
				78EC659A200BAD820053BFB9 /* AppDelegate.swift in Sources */,
				78AF6E4C214EF4510014BCB5 /* Colors.swift in Sources */,
				788F18F1214EBD6000802C31 /* SearchTableViewCell.swift in Sources */,
				78EEE7752155217300B924C7 /* BandInfoTableViewController.swift in Sources */,
				78EEE781215532EA00B924C7 /* NewSearchService.swift in Sources */,
				787C5117208CC354004C832F /* AlbumViewController.swift in Sources */,
				78EEE7772155219700B924C7 /* BandInfoViewCell.swift in Sources */,
				786B1D5C201A434500D456BF /* BandViewCell.swift in Sources */,
				780D366E20A7429800E13F60 /* LyricsModel.swift in Sources */,
				7845B3872014E10000E7C43A /* MainViewController.swift in Sources */,
				78693843217F698B007657FA /* UserProfileViewController.swift in Sources */,
				786B1D5A201A432100D456BF /* BandViewController.swift in Sources */,
				781D2F00215A810500E56C6E /* BandInfoCollectionViewCell.swift in Sources */,
				78A2045D216DFDFF009012FA /* AlbumPictureCell.swift in Sources */,
				78EEE77D215531E000B924C7 /* Models.swift in Sources */,
			);
			runOnlyForDeploymentPostprocessing = 0;
		};
/* End PBXSourcesBuildPhase section */

/* Begin PBXVariantGroup section */
		78EC659D200BAD820053BFB9 /* Main.storyboard */ = {
			isa = PBXVariantGroup;
			children = (
				78EC659E200BAD820053BFB9 /* Base */,
			);
			name = Main.storyboard;
			sourceTree = "<group>";
		};
		78EC65A2200BAD820053BFB9 /* LaunchScreen.storyboard */ = {
			isa = PBXVariantGroup;
			children = (
				78EC65A3200BAD820053BFB9 /* Base */,
			);
			name = LaunchScreen.storyboard;
			sourceTree = "<group>";
		};
/* End PBXVariantGroup section */

/* Begin XCBuildConfiguration section */
		78EC65A6200BAD820053BFB9 /* Debug */ = {
			isa = XCBuildConfiguration;
			buildSettings = {
				ALWAYS_SEARCH_USER_PATHS = NO;
				CLANG_ANALYZER_NONNULL = YES;
				CLANG_ANALYZER_NUMBER_OBJECT_CONVERSION = YES_AGGRESSIVE;
				CLANG_CXX_LANGUAGE_STANDARD = "gnu++14";
				CLANG_CXX_LIBRARY = "libc++";
				CLANG_ENABLE_MODULES = YES;
				CLANG_ENABLE_OBJC_ARC = YES;
				CLANG_WARN_BLOCK_CAPTURE_AUTORELEASING = YES;
				CLANG_WARN_BOOL_CONVERSION = YES;
				CLANG_WARN_COMMA = YES;
				CLANG_WARN_CONSTANT_CONVERSION = YES;
				CLANG_WARN_DEPRECATED_OBJC_IMPLEMENTATIONS = YES;
				CLANG_WARN_DIRECT_OBJC_ISA_USAGE = YES_ERROR;
				CLANG_WARN_DOCUMENTATION_COMMENTS = YES;
				CLANG_WARN_EMPTY_BODY = YES;
				CLANG_WARN_ENUM_CONVERSION = YES;
				CLANG_WARN_INFINITE_RECURSION = YES;
				CLANG_WARN_INT_CONVERSION = YES;
				CLANG_WARN_NON_LITERAL_NULL_CONVERSION = YES;
				CLANG_WARN_OBJC_IMPLICIT_RETAIN_SELF = YES;
				CLANG_WARN_OBJC_LITERAL_CONVERSION = YES;
				CLANG_WARN_OBJC_ROOT_CLASS = YES_ERROR;
				CLANG_WARN_RANGE_LOOP_ANALYSIS = YES;
				CLANG_WARN_STRICT_PROTOTYPES = YES;
				CLANG_WARN_SUSPICIOUS_MOVE = YES;
				CLANG_WARN_UNGUARDED_AVAILABILITY = YES_AGGRESSIVE;
				CLANG_WARN_UNREACHABLE_CODE = YES;
				CLANG_WARN__DUPLICATE_METHOD_MATCH = YES;
				CODE_SIGN_IDENTITY = "iPhone Developer";
				COPY_PHASE_STRIP = NO;
				DEBUG_INFORMATION_FORMAT = dwarf;
				ENABLE_STRICT_OBJC_MSGSEND = YES;
				ENABLE_TESTABILITY = YES;
				GCC_C_LANGUAGE_STANDARD = gnu11;
				GCC_DYNAMIC_NO_PIC = NO;
				GCC_NO_COMMON_BLOCKS = YES;
				GCC_OPTIMIZATION_LEVEL = 0;
				GCC_PREPROCESSOR_DEFINITIONS = (
					"DEBUG=1",
					"$(inherited)",
				);
				GCC_WARN_64_TO_32_BIT_CONVERSION = YES;
				GCC_WARN_ABOUT_RETURN_TYPE = YES_ERROR;
				GCC_WARN_UNDECLARED_SELECTOR = YES;
				GCC_WARN_UNINITIALIZED_AUTOS = YES_AGGRESSIVE;
				GCC_WARN_UNUSED_FUNCTION = YES;
				GCC_WARN_UNUSED_VARIABLE = YES;
				IPHONEOS_DEPLOYMENT_TARGET = 11.2;
				MTL_ENABLE_DEBUG_INFO = YES;
				ONLY_ACTIVE_ARCH = YES;
				SDKROOT = iphoneos;
				SWIFT_ACTIVE_COMPILATION_CONDITIONS = DEBUG;
				SWIFT_OPTIMIZATION_LEVEL = "-Onone";
			};
			name = Debug;
		};
		78EC65A7200BAD820053BFB9 /* Release */ = {
			isa = XCBuildConfiguration;
			buildSettings = {
				ALWAYS_SEARCH_USER_PATHS = NO;
				CLANG_ANALYZER_NONNULL = YES;
				CLANG_ANALYZER_NUMBER_OBJECT_CONVERSION = YES_AGGRESSIVE;
				CLANG_CXX_LANGUAGE_STANDARD = "gnu++14";
				CLANG_CXX_LIBRARY = "libc++";
				CLANG_ENABLE_MODULES = YES;
				CLANG_ENABLE_OBJC_ARC = YES;
				CLANG_WARN_BLOCK_CAPTURE_AUTORELEASING = YES;
				CLANG_WARN_BOOL_CONVERSION = YES;
				CLANG_WARN_COMMA = YES;
				CLANG_WARN_CONSTANT_CONVERSION = YES;
				CLANG_WARN_DEPRECATED_OBJC_IMPLEMENTATIONS = YES;
				CLANG_WARN_DIRECT_OBJC_ISA_USAGE = YES_ERROR;
				CLANG_WARN_DOCUMENTATION_COMMENTS = YES;
				CLANG_WARN_EMPTY_BODY = YES;
				CLANG_WARN_ENUM_CONVERSION = YES;
				CLANG_WARN_INFINITE_RECURSION = YES;
				CLANG_WARN_INT_CONVERSION = YES;
				CLANG_WARN_NON_LITERAL_NULL_CONVERSION = YES;
				CLANG_WARN_OBJC_IMPLICIT_RETAIN_SELF = YES;
				CLANG_WARN_OBJC_LITERAL_CONVERSION = YES;
				CLANG_WARN_OBJC_ROOT_CLASS = YES_ERROR;
				CLANG_WARN_RANGE_LOOP_ANALYSIS = YES;
				CLANG_WARN_STRICT_PROTOTYPES = YES;
				CLANG_WARN_SUSPICIOUS_MOVE = YES;
				CLANG_WARN_UNGUARDED_AVAILABILITY = YES_AGGRESSIVE;
				CLANG_WARN_UNREACHABLE_CODE = YES;
				CLANG_WARN__DUPLICATE_METHOD_MATCH = YES;
				CODE_SIGN_IDENTITY = "iPhone Developer";
				COPY_PHASE_STRIP = NO;
				DEBUG_INFORMATION_FORMAT = "dwarf-with-dsym";
				ENABLE_NS_ASSERTIONS = NO;
				ENABLE_STRICT_OBJC_MSGSEND = YES;
				GCC_C_LANGUAGE_STANDARD = gnu11;
				GCC_NO_COMMON_BLOCKS = YES;
				GCC_WARN_64_TO_32_BIT_CONVERSION = YES;
				GCC_WARN_ABOUT_RETURN_TYPE = YES_ERROR;
				GCC_WARN_UNDECLARED_SELECTOR = YES;
				GCC_WARN_UNINITIALIZED_AUTOS = YES_AGGRESSIVE;
				GCC_WARN_UNUSED_FUNCTION = YES;
				GCC_WARN_UNUSED_VARIABLE = YES;
				IPHONEOS_DEPLOYMENT_TARGET = 11.2;
				MTL_ENABLE_DEBUG_INFO = NO;
				SDKROOT = iphoneos;
				SWIFT_OPTIMIZATION_LEVEL = "-Owholemodule";
				VALIDATE_PRODUCT = YES;
			};
			name = Release;
		};
		78EC65A9200BAD820053BFB9 /* Debug */ = {
			isa = XCBuildConfiguration;
			baseConfigurationReference = 60EFA07FD2356F56E8227948 /* Pods-Discogs Client.debug.xcconfig */;
			buildSettings = {
				ASSETCATALOG_COMPILER_APPICON_NAME = AppIcon;
				CODE_SIGN_STYLE = Automatic;
				DEVELOPMENT_TEAM = QYBFN2W2AN;
				INFOPLIST_FILE = "Discogs Client/Info.plist";
				LD_RUNPATH_SEARCH_PATHS = "$(inherited) @executable_path/Frameworks";
				PRODUCT_BUNDLE_IDENTIFIER = "Learning.Discogs-Client";
				PRODUCT_NAME = "$(TARGET_NAME)";
				SWIFT_VERSION = 4.0;
				TARGETED_DEVICE_FAMILY = "1,2";
			};
			name = Debug;
		};
		78EC65AA200BAD820053BFB9 /* Release */ = {
			isa = XCBuildConfiguration;
			baseConfigurationReference = B1AAFA44CE86C6230EB85B5C /* Pods-Discogs Client.release.xcconfig */;
			buildSettings = {
				ASSETCATALOG_COMPILER_APPICON_NAME = AppIcon;
				CODE_SIGN_STYLE = Automatic;
				DEVELOPMENT_TEAM = QYBFN2W2AN;
				INFOPLIST_FILE = "Discogs Client/Info.plist";
				LD_RUNPATH_SEARCH_PATHS = "$(inherited) @executable_path/Frameworks";
				PRODUCT_BUNDLE_IDENTIFIER = "Learning.Discogs-Client";
				PRODUCT_NAME = "$(TARGET_NAME)";
				SWIFT_VERSION = 4.0;
				TARGETED_DEVICE_FAMILY = "1,2";
			};
			name = Release;
		};
/* End XCBuildConfiguration section */

/* Begin XCConfigurationList section */
		78EC6591200BAD820053BFB9 /* Build configuration list for PBXProject "Discogs Client" */ = {
			isa = XCConfigurationList;
			buildConfigurations = (
				78EC65A6200BAD820053BFB9 /* Debug */,
				78EC65A7200BAD820053BFB9 /* Release */,
			);
			defaultConfigurationIsVisible = 0;
			defaultConfigurationName = Release;
		};
		78EC65A8200BAD820053BFB9 /* Build configuration list for PBXNativeTarget "Discogs Client" */ = {
			isa = XCConfigurationList;
			buildConfigurations = (
				78EC65A9200BAD820053BFB9 /* Debug */,
				78EC65AA200BAD820053BFB9 /* Release */,
			);
			defaultConfigurationIsVisible = 0;
			defaultConfigurationName = Release;
		};
/* End XCConfigurationList section */
	};
	rootObject = 78EC658E200BAD820053BFB9 /* Project object */;
}
